{
    "_meta": {
        "hash": {
            "sha256": "22ddfe094a12c92db41553c87ad009d1620462e0039913a388338e70e0ee15b5"
        },
        "host-environment-markers": {
            "implementation_name": "cpython",
            "implementation_version": "3.6.4",
            "os_name": "posix",
            "platform_machine": "x86_64",
            "platform_python_implementation": "CPython",
            "platform_release": "4.13.16-2-MANJARO",
            "platform_system": "Linux",
            "platform_version": "#1 SMP PREEMPT Fri Nov 24 12:49:10 UTC 2017",
            "python_full_version": "3.6.4",
            "python_version": "3.6",
            "sys_platform": "linux"
        },
        "pipfile-spec": 6,
        "requires": {},
        "sources": [
            {
                "name": "doubanio",
                "url": "https://pypi.doubanio.com/simple/",
                "verify_ssl": true
            }
        ]
    },
    "default": {
        "aiofiles": {
            "hashes": [],
            "version": "==0.3.2"
        },
        "aiomysql": {
            "hashes": [],
            "version": "==0.0.11"
        },
        "aiopg": {
            "hashes": [],
            "version": "==0.13.1"
        },
        "aiosqlite3": {
            "hashes": [],
            "version": "==0.1.1"
        },
        "argparse": {
            "hashes": [],
            "version": "==1.4.0"
        },
        "certifi": {
            "hashes": [],
            "version": "==2017.11.5"
        },
        "chardet": {
            "hashes": [],
            "version": "==3.0.4"
        },
        "graphql-core": {
            "hashes": [],
            "version": "==2.0"
        },
        "graphql-server-core": {
            "hashes": [],
            "version": "==1.0.dev20170322001"
        },
        "gunicorn": {
            "hashes": [],
            "version": "==19.7.1"
        },
        "httptools": {
            "hashes": [],
            "version": "==0.0.10"
        },
        "idna": {
            "hashes": [],
            "version": "==2.6"
        },
        "ipfsapi": {
            "hashes": [],
            "version": "==0.4.2.post1"
        },
        "lxml": {
            "hashes": [],
            "version": "==4.1.1"
        },
        "promise": {
            "hashes": [],
            "version": "==2.1"
        },
        "psycopg2": {
            "hashes": [],
            "version": "==2.7.3.2"
        },
        "pymysql": {
            "hashes": [],
            "version": "==0.7.11"
        },
        "pypdf2": {
            "hashes": [],
            "version": "==1.26.0"
        },
        "pytest-runner": {
            "hashes": [],
            "version": "==3.0"
        },
        "pyyaml": {
            "hashes": [],
            "version": "==3.12"
        },
        "requests": {
            "hashes": [],
            "version": "==2.18.4"
        },
        "rx": {
            "hashes": [],
            "version": "==1.6.0"
        },
        "sanic": {
            "hashes": [],
            "version": "==0.7.0"
        },
        "sanic-graphql": {
            "hashes": [],
            "version": "==1.1.0"
        },
        "six": {
            "hashes": [],
            "version": "==1.11.0"
        },
        "sqlalchemy": {
            "hashes": [],
            "version": "==1.1.15"
        },
        "typing": {
            "hashes": [],
            "version": "==3.6.2"
        },
        "ujson": {
            "hashes": [],
            "version": "==1.35"
        },
        "urllib3": {
            "hashes": [],
            "version": "==1.22"
        },
        "uvloop": {
            "hashes": [],
            "version": "==0.9.1"
        },
        "websockets": {
            "hashes": [],
            "version": "==4.0.1"
        },
        "xmltodict": {
            "hashes": [],
            "version": "==0.11.0"
        }
    },
    "develop": {}
}
