{
    "_meta": {
        "hash": {
            "sha256": "23a5772bf98cbeafdc0c69275ffce93c032b76bc14175e24d7c3ddd74a96e72f"
        },
        "host-environment-markers": {
            "implementation_name": "cpython",
            "implementation_version": "3.6.3",
            "os_name": "posix",
            "platform_machine": "x86_64",
            "platform_python_implementation": "CPython",
            "platform_release": "4.13.12-1-MANJARO",
            "platform_system": "Linux",
            "platform_version": "#1 SMP PREEMPT Wed Nov 8 10:52:53 UTC 2017",
            "python_full_version": "3.6.3",
            "python_version": "3.6",
            "sys_platform": "linux"
        },
        "pipfile-spec": 6,
        "requires": {},
        "sources": [
            {
                "name": "doubanio",
                "url": "https://pypi.doubanio.com/simple/",
                "verify_ssl": true
            }
        ]
    },
    "default": {
        "aiofiles": {
            "hashes": [],
            "version": "==0.3.2"
        },
        "aiomysql": {
            "hashes": [],
            "version": "==0.0.9"
        },
        "argparse": {
            "hashes": [],
            "version": "==1.4.0"
        },
        "certifi": {
            "hashes": [],
            "version": "==2017.11.5"
        },
        "chardet": {
            "hashes": [],
            "version": "==3.0.4"
        },
        "httptools": {
            "hashes": [],
            "version": "==0.0.9"
        },
        "idna": {
            "hashes": [],
            "version": "==2.6"
        },
        "lxml": {
            "hashes": [],
            "version": "==4.1.1"
        },
        "peewee": {
            "hashes": [],
            "version": "==2.10.2"
        },
        "peewee-async": {
            "hashes": [],
            "version": "==0.5.9"
        },
        "pymysql": {
            "hashes": [],
            "version": "==0.7.11"
        },
        "pypdf2": {
            "hashes": [],
            "version": "==1.26.0"
        },
        "requests": {
            "hashes": [],
            "version": "==2.18.4"
        },
        "sanic": {
            "hashes": [],
            "version": "==0.6.0"
        },
        "ujson": {
            "hashes": [],
            "version": "==1.35"
        },
        "urllib3": {
            "hashes": [],
            "version": "==1.22"
        },
        "uvloop": {
            "hashes": [],
            "version": "==0.8.1"
        },
        "websockets": {
            "hashes": [],
            "version": "==4.0.1"
        }
    },
    "develop": {}
}
